
Microsoft Visual Studio Solution File, Format Version 12.00
# Visual Studio Version 17
VisualStudioVersion = 17.10.35013.160
MinimumVisualStudioVersion = 10.0.40219.1
Project("{8BC9CEB8-8B4A-11D0-8D11-00A0C91BC942}") = "MyDX11Engine", "MyDX11Engine\MyDX11Engine.vcxproj", "{5A5BD893-94C9-4FDC-80EC-9755731AA47F}"
EndProject
Project("{8BC9CEB8-8B4A-11D0-8D11-00A0C91BC942}") = "Engine", "Engine\tmp.vcxproj", "{22731836-F86D-403C-8798-AE7D284959BE}"
EndProject
Global
	GlobalSection(SolutionConfigurationPlatforms) = preSolution
		Debug|x64 = Debug|x64
		Debug|x86 = Debug|x86
		Release|x64 = Release|x64
		Release|x86 = Release|x86
	EndGlobalSection
	GlobalSection(ProjectConfigurationPlatforms) = postSolution
		{5A5BD893-94C9-4FDC-80EC-9755731AA47F}.Debug|x64.ActiveCfg = Debug|x64
		{5A5BD893-94C9-4FDC-80EC-9755731AA47F}.Debug|x64.Build.0 = Debug|x64
		{5A5BD893-94C9-4FDC-80EC-9755731AA47F}.Debug|x86.ActiveCfg = Debug|Win32
		{5A5BD893-94C9-4FDC-80EC-9755731AA47F}.Debug|x86.Build.0 = Debug|Win32
		{5A5BD893-94C9-4FDC-80EC-9755731AA47F}.Release|x64.ActiveCfg = Release|x64
		{5A5BD893-94C9-4FDC-80EC-9755731AA47F}.Release|x64.Build.0 = Release|x64
		{5A5BD893-94C9-4FDC-80EC-9755731AA47F}.Release|x86.ActiveCfg = Release|Win32
		{5A5BD893-94C9-4FDC-80EC-9755731AA47F}.Release|x86.Build.0 = Release|Win32
		{22731836-F86D-403C-8798-AE7D284959BE}.Debug|x64.ActiveCfg = Debug|x64
		{22731836-F86D-403C-8798-AE7D284959BE}.Debug|x64.Build.0 = Debug|x64
		{22731836-F86D-403C-8798-AE7D284959BE}.Debug|x86.ActiveCfg = Debug|Win32
		{22731836-F86D-403C-8798-AE7D284959BE}.Debug|x86.Build.0 = Debug|Win32
		{22731836-F86D-403C-8798-AE7D284959BE}.Release|x64.ActiveCfg = Release|x64
		{22731836-F86D-403C-8798-AE7D284959BE}.Release|x64.Build.0 = Release|x64
		{22731836-F86D-403C-8798-AE7D284959BE}.Release|x86.ActiveCfg = Release|Win32
		{22731836-F86D-403C-8798-AE7D284959BE}.Release|x86.Build.0 = Release|Win32
	EndGlobalSection
	GlobalSection(SolutionProperties) = preSolution
		HideSolutionNode = FALSE
	EndGlobalSection
	GlobalSection(ExtensibilityGlobals) = postSolution
		SolutionGuid = {274F0A01-7E63-4766-AE59-5C188C782217}
	EndGlobalSection
EndGlobal
