<?xml version="1.0" encoding="utf-8"?>
<Project ToolsVersion="4.0" xmlns="http://schemas.microsoft.com/developer/msbuild/2003">
  <ItemGroup>
    <FxCompile Include="psPointLight.fx">
      <Filter>Sources\Core\Shader\HLSL</Filter>
    </FxCompile>
    <FxCompile Include="vsPointLight.fx">
      <Filter>Sources\Core\Shader\HLSL</Filter>
    </FxCompile>
    <FxCompile Include="psTexture.fx">
      <Filter>Sources\Core\Shader\HLSL</Filter>
    </FxCompile>
    <FxCompile Include="vsFont.fx">
      <Filter>Sources\Core\Shader\HLSL</Filter>
    </FxCompile>
    <FxCompile Include="psFont.fx">
      <Filter>Sources\Core\Shader\HLSL</Filter>
    </FxCompile>
    <FxCompile Include="vsNormalmap.fx">
      <Filter>Sources\Core\Shader\HLSL</Filter>
    </FxCompile>
    <FxCompile Include="psMultiTexture.fx">
      <Filter>Sources\Core\Shader\HLSL</Filter>
    </FxCompile>
    <FxCompile Include="psAlphaMap.fx">
      <Filter>Sources\Core\Shader\HLSL</Filter>
    </FxCompile>
    <FxCompile Include="psLightMap.fx">
      <Filter>Sources\Core\Shader\HLSL</Filter>
    </FxCompile>
    <FxCompile Include="psNormalmap.fx">
      <Filter>Sources\Core\Shader\HLSL</Filter>
    </FxCompile>
    <FxCompile Include="vsPosUV.fx">
      <Filter>Sources\Core\Shader\HLSL</Filter>
    </FxCompile>
    <FxCompile Include="psFog.fx">
      <Filter>Sources\Core\Shader\HLSL</Filter>
    </FxCompile>
    <FxCompile Include="vsReflex.fx">
      <Filter>Sources\Core\Shader\HLSL</Filter>
    </FxCompile>
    <FxCompile Include="psReflex.fx">
      <Filter>Sources\Core\Shader\HLSL</Filter>
    </FxCompile>
  </ItemGroup>
  <ItemGroup>
    <ClCompile Include="TextClass.cpp">
      <Filter>Sources\Core\Text</Filter>
    </ClCompile>
    <ClCompile Include="Textureclass.cpp">
      <Filter>Sources\Core\Texture</Filter>
    </ClCompile>
    <ClCompile Include="SpriteClass.cpp">
      <Filter>Sources\Core\Texture</Filter>
    </ClCompile>
    <ClCompile Include="textureshaderclass.cpp">
      <Filter>Sources\Core\Shader\private</Filter>
    </ClCompile>
    <ClCompile Include="PointLightClass.cpp">
      <Filter>Sources\Core\Light</Filter>
    </ClCompile>
    <ClCompile Include="PointLightShaderClass.cpp">
      <Filter>Sources\Core\Shader\private</Filter>
    </ClCompile>
    <ClCompile Include="NormalMapShaderClass.cpp">
      <Filter>Sources\Core\Shader\private</Filter>
    </ClCompile>
    <ClCompile Include="MultiTextureShaderClass.cpp">
      <Filter>Sources\Core\Shader\private</Filter>
    </ClCompile>
    <ClCompile Include="ModelClass.cpp">
      <Filter>Sources\Core\Model</Filter>
    </ClCompile>
    <ClCompile Include="LightClass.cpp">
      <Filter>Sources\Core\Light</Filter>
    </ClCompile>
    <ClCompile Include="FontClass.cpp">
      <Filter>Sources\Core\Text\Font</Filter>
    </ClCompile>
    <ClCompile Include="fontshaderclass.cpp">
      <Filter>Sources\Core\Text\Font</Filter>
    </ClCompile>
    <ClCompile Include="FpsClass.cpp">
      <Filter>Sources\Contents\Fps</Filter>
    </ClCompile>
    <ClCompile Include="ShaderManagerClass.cpp">
      <Filter>Sources\Core\Shader\private</Filter>
    </ClCompile>
    <ClCompile Include="TimerClass.cpp">
      <Filter>Sources\Core\Timer</Filter>
    </ClCompile>
    <ClCompile Include="Inputclass.cpp">
      <Filter>Sources\Core\Input</Filter>
    </ClCompile>
    <ClCompile Include="Cameraclass.cpp">
      <Filter>Sources\Core\Camera</Filter>
    </ClCompile>
    <ClCompile Include="D3dclass.cpp">
      <Filter>Sources\Core\D3D</Filter>
    </ClCompile>
    <ClCompile Include="main.cpp">
      <Filter>Sources</Filter>
    </ClCompile>
    <ClCompile Include="Systemclass.cpp">
      <Filter>Sources</Filter>
    </ClCompile>
    <ClCompile Include="Applicationclass.cpp">
      <Filter>Sources</Filter>
    </ClCompile>
    <ClCompile Include="FrustumClass.cpp">
      <Filter>Sources\Core\Frustum</Filter>
    </ClCompile>
    <ClCompile Include="ModelListClass.cpp">
      <Filter>Sources\Core\Model</Filter>
    </ClCompile>
    <ClCompile Include="MovementClass.cpp">
      <Filter>Sources\Contents\Movements</Filter>
    </ClCompile>
    <ClCompile Include="RenderTextureClass.cpp">
      <Filter>Sources\Core\Texture</Filter>
    </ClCompile>
    <ClCompile Include="PlaneClass.cpp">
      <Filter>Sources\Core\Model\Plane</Filter>
    </ClCompile>
    <ClCompile Include="FogShaderClass.cpp">
      <Filter>Sources\Core\Shader\private</Filter>
    </ClCompile>
    <ClCompile Include="vsFog.fx">
      <Filter>Sources\Core\Shader\HLSL</Filter>
    </ClCompile>
    <ClCompile Include="ReflexShaderClass.cpp">
      <Filter>Sources\Core\Shader\private</Filter>
    </ClCompile>
  </ItemGroup>
  <ItemGroup>
    <ClInclude Include="MultiTextureShaderClass.h">
      <Filter>Sources\Core\Shader</Filter>
    </ClInclude>
    <ClInclude Include="textureshaderclass.h">
      <Filter>Sources\Core\Shader</Filter>
    </ClInclude>
    <ClInclude Include="Define.h">
      <Filter>Sources\Core</Filter>
    </ClInclude>
    <ClInclude Include="TextClass.h">
      <Filter>Sources\Core\Text</Filter>
    </ClInclude>
    <ClInclude Include="SpriteClass.h">
      <Filter>Sources\Core\Texture</Filter>
    </ClInclude>
    <ClInclude Include="Textureclass.h">
      <Filter>Sources\Core\Texture</Filter>
    </ClInclude>
    <ClInclude Include="ModelClass.h">
      <Filter>Sources\Core\Model</Filter>
    </ClInclude>
    <ClInclude Include="ShaderManagerClass.h">
      <Filter>Sources\Core\Shader</Filter>
    </ClInclude>
    <ClInclude Include="ShaderClass.h">
      <Filter>Sources\Core\Shader</Filter>
    </ClInclude>
    <ClInclude Include="NormalMapShaderClass.h">
      <Filter>Sources\Core\Shader</Filter>
    </ClInclude>
    <ClInclude Include="LightClass.h">
      <Filter>Sources\Core\Light</Filter>
    </ClInclude>
    <ClInclude Include="PointLightClass.h">
      <Filter>Sources\Core\Light</Filter>
    </ClInclude>
    <ClInclude Include="PointLightShaderClass.h">
      <Filter>Sources\Core\Shader</Filter>
    </ClInclude>
    <ClInclude Include="FontClass.h">
      <Filter>Sources\Core\Text\Font</Filter>
    </ClInclude>
    <ClInclude Include="fontshaderclass.h">
      <Filter>Sources\Core\Text\Font</Filter>
    </ClInclude>
    <ClInclude Include="FpsClass.h">
      <Filter>Sources\Contents\Fps</Filter>
    </ClInclude>
    <ClInclude Include="TimerClass.h">
      <Filter>Sources\Core\Timer</Filter>
    </ClInclude>
    <ClInclude Include="Inputclass.h">
      <Filter>Sources\Core\Input</Filter>
    </ClInclude>
    <ClInclude Include="Cameraclass.h">
      <Filter>Sources\Core\Camera</Filter>
    </ClInclude>
    <ClInclude Include="D3dclass.h">
      <Filter>Sources\Core\D3D</Filter>
    </ClInclude>
    <ClInclude Include="Systemclass.h">
      <Filter>Sources</Filter>
    </ClInclude>
    <ClInclude Include="Applicationclass.h">
      <Filter>Sources</Filter>
    </ClInclude>
    <ClInclude Include="FrustumClass.h">
      <Filter>Sources\Core\Frustum</Filter>
    </ClInclude>
    <ClInclude Include="ModelListClass.h">
      <Filter>Sources\Core\Model</Filter>
    </ClInclude>
    <ClInclude Include="Transform.h">
      <Filter>Sources\Core\Transform</Filter>
    </ClInclude>
    <ClInclude Include="MovementClass.h">
      <Filter>Sources\Contents\Movements</Filter>
    </ClInclude>
    <ClInclude Include="RenderTextureClass.h">
      <Filter>Sources\Core\Texture</Filter>
    </ClInclude>
    <ClInclude Include="PlaneClass.h">
      <Filter>Sources\Core\Model\Plane</Filter>
    </ClInclude>
    <ClInclude Include="FogShaderClass.h">
      <Filter>Sources\Core\Shader</Filter>
    </ClInclude>
    <ClInclude Include="ReflexShaderClass.h">
      <Filter>Sources\Core\Shader</Filter>
    </ClInclude>
  </ItemGroup>
  <ItemGroup>
    <Image Include="data\stone02.tga">
      <Filter>Resources</Filter>
    </Image>
    <Image Include="data\stone01.tga">
      <Filter>Resources</Filter>
    </Image>
    <Image Include="small.ico">
      <Filter>Resources</Filter>
    </Image>
    <Image Include="MyDX11Engine.ico">
      <Filter>Resources</Filter>
    </Image>
  </ItemGroup>
  <ItemGroup>
    <Filter Include="Resources">
      <UniqueIdentifier>{c99b65e9-5a19-4603-8f92-7cda4d3b2716}</UniqueIdentifier>
    </Filter>
    <Filter Include="Sources">
      <UniqueIdentifier>{21bf87c0-080e-48dd-b57d-4f112cc4de11}</UniqueIdentifier>
    </Filter>
    <Filter Include="Sources\Core">
      <UniqueIdentifier>{d1f584b6-bbde-4d22-8b23-4d20636662fb}</UniqueIdentifier>
    </Filter>
    <Filter Include="Sources\Core\Shader">
      <UniqueIdentifier>{197fcbb0-66c9-49e3-b750-bfc59eeeefcd}</UniqueIdentifier>
    </Filter>
    <Filter Include="Sources\Core\Text">
      <UniqueIdentifier>{853f7b8c-54de-4393-9a24-044c117f0a76}</UniqueIdentifier>
    </Filter>
    <Filter Include="Sources\Core\Texture">
      <UniqueIdentifier>{ecf41d1a-87aa-48df-b148-ffdab14c6798}</UniqueIdentifier>
    </Filter>
    <Filter Include="Sources\Core\Model">
      <UniqueIdentifier>{21aa4265-3bd4-455a-87f4-8add9db1900a}</UniqueIdentifier>
    </Filter>
    <Filter Include="Sources\Core\Light">
      <UniqueIdentifier>{e68e3bbe-bb68-4396-b324-c43f602acf8a}</UniqueIdentifier>
    </Filter>
    <Filter Include="Sources\Core\Shader\private">
      <UniqueIdentifier>{5a5fe00d-2ccb-4961-ae27-5fd0dc44228a}</UniqueIdentifier>
    </Filter>
    <Filter Include="Sources\Core\Text\Font">
      <UniqueIdentifier>{e1a7d60c-08ab-4f1b-8cd2-ca3e9c1431af}</UniqueIdentifier>
    </Filter>
    <Filter Include="Sources\Contents">
      <UniqueIdentifier>{53b446d9-82ff-4266-af0c-b024985fbc7d}</UniqueIdentifier>
    </Filter>
    <Filter Include="Sources\Contents\Fps">
      <UniqueIdentifier>{980ecbc1-21bb-4417-af35-321f8b43dcf1}</UniqueIdentifier>
    </Filter>
    <Filter Include="Sources\Core\Timer">
      <UniqueIdentifier>{7dbf2f3e-d57b-437e-8be2-db321dba3ee3}</UniqueIdentifier>
    </Filter>
    <Filter Include="Sources\Core\Input">
      <UniqueIdentifier>{6c57470f-c503-40c5-bfcb-13c00639d87a}</UniqueIdentifier>
    </Filter>
    <Filter Include="Sources\Core\Camera">
      <UniqueIdentifier>{7af57b39-412a-41d5-bf7b-58dfe2fa32b3}</UniqueIdentifier>
    </Filter>
    <Filter Include="Sources\Core\D3D">
      <UniqueIdentifier>{5be5aebf-362c-4dd6-971e-8af39d2b143d}</UniqueIdentifier>
    </Filter>
    <Filter Include="Sources\Core\Frustum">
      <UniqueIdentifier>{cb868b0b-1650-44cb-8b16-d4c8d3adcd13}</UniqueIdentifier>
    </Filter>
    <Filter Include="Sources\Core\Transform">
      <UniqueIdentifier>{649d6c70-1327-46ff-a71f-0e52ff8f2052}</UniqueIdentifier>
    </Filter>
    <Filter Include="Sources\Contents\Movements">
      <UniqueIdentifier>{58943b1c-c6d4-41a7-9857-6274b2b6a689}</UniqueIdentifier>
    </Filter>
    <Filter Include="Sources\Core\Model\Plane">
      <UniqueIdentifier>{9744acce-6b53-4e8c-a00e-223b06003b95}</UniqueIdentifier>
    </Filter>
    <Filter Include="Sources\Core\Shader\HLSL">
      <UniqueIdentifier>{1154c8ca-63ef-4680-bc02-65e4cb3c5825}</UniqueIdentifier>
    </Filter>
  </ItemGroup>
  <ItemGroup>
    <ResourceCompile Include="MyDX11Engine.rc">
      <Filter>Resources</Filter>
    </ResourceCompile>
  </ItemGroup>
</Project>