<?xml version="1.0" encoding="utf-8"?>
<Project ToolsVersion="4.0" xmlns="http://schemas.microsoft.com/developer/msbuild/2003">
  <ItemGroup>
    <FxCompile Include="psLight.fx">
      <Filter>Resources\HLSL</Filter>
    </FxCompile>
    <FxCompile Include="vsLight.fx">
      <Filter>Resources\HLSL</Filter>
    </FxCompile>
    <FxCompile Include="psTexture.fx">
      <Filter>Resources\HLSL</Filter>
    </FxCompile>
    <FxCompile Include="vsTexture.fx">
      <Filter>Resources\HLSL</Filter>
    </FxCompile>
    <FxCompile Include="vsFont.fx">
      <Filter>Resources\HLSL</Filter>
    </FxCompile>
    <FxCompile Include="psFont.fx">
      <Filter>Resources\HLSL</Filter>
    </FxCompile>
    <FxCompile Include="vsMultiTexture.fx">
      <Filter>Resources\HLSL</Filter>
    </FxCompile>
    <FxCompile Include="psMultiTexture.fx">
      <Filter>Resources\HLSL</Filter>
    </FxCompile>
    <FxCompile Include="psAlphaMap.fx">
      <Filter>Resources\HLSL</Filter>
    </FxCompile>
    <FxCompile Include="psLightMap.fx">
      <Filter>Resources\HLSL</Filter>
    </FxCompile>
    <FxCompile Include="psNormalmap.fx">
      <Filter>Resources\HLSL</Filter>
    </FxCompile>
  </ItemGroup>
  <ItemGroup>
    <ClCompile Include="Applicationclass.cpp">
      <Filter>Sources</Filter>
    </ClCompile>
    <ClCompile Include="Cameraclass.cpp">
      <Filter>Sources</Filter>
    </ClCompile>
    <ClCompile Include="D3dclass.cpp">
      <Filter>Sources</Filter>
    </ClCompile>
    <ClCompile Include="Inputclass.cpp">
      <Filter>Sources</Filter>
    </ClCompile>
    <ClCompile Include="main.cpp">
      <Filter>Sources</Filter>
    </ClCompile>
    <ClCompile Include="Systemclass.cpp">
      <Filter>Sources</Filter>
    </ClCompile>
    <ClCompile Include="Textureclass.cpp">
      <Filter>Sources</Filter>
    </ClCompile>
    <ClCompile Include="textureshaderclass.cpp">
      <Filter>Sources</Filter>
    </ClCompile>
    <ClCompile Include="TimerClass.cpp">
      <Filter>Sources</Filter>
    </ClCompile>
    <ClCompile Include="SpriteClass.cpp">
      <Filter>Sources</Filter>
    </ClCompile>
    <ClCompile Include="FontClass.cpp">
      <Filter>Sources</Filter>
    </ClCompile>
    <ClCompile Include="fontshaderclass.cpp">
      <Filter>Sources</Filter>
    </ClCompile>
    <ClCompile Include="TextClass.cpp">
      <Filter>Sources</Filter>
    </ClCompile>
    <ClCompile Include="FpsClass.cpp">
      <Filter>Sources</Filter>
    </ClCompile>
    <ClCompile Include="MultiTextureShaderClass.cpp">
      <Filter>Sources</Filter>
    </ClCompile>
    <ClCompile Include="ModelClass.cpp">
      <Filter>Sources</Filter>
    </ClCompile>
    <ClCompile Include="LightClass.cpp">
      <Filter>Sources</Filter>
    </ClCompile>
    <ClCompile Include="ShaderManagerClass.cpp">
      <Filter>Sources</Filter>
    </ClCompile>
  </ItemGroup>
  <ItemGroup>
    <ClInclude Include="MultiTextureShaderClass.h">
      <Filter>Headers\Core\Shader</Filter>
    </ClInclude>
    <ClInclude Include="textureshaderclass.h">
      <Filter>Headers\Core\Shader</Filter>
    </ClInclude>
    <ClInclude Include="fontshaderclass.h">
      <Filter>Headers\Core\Text</Filter>
    </ClInclude>
    <ClInclude Include="Define.h">
      <Filter>Headers\Core</Filter>
    </ClInclude>
    <ClInclude Include="D3dclass.h">
      <Filter>Headers\Core</Filter>
    </ClInclude>
    <ClInclude Include="FontClass.h">
      <Filter>Headers\Core\Text</Filter>
    </ClInclude>
    <ClInclude Include="Applicationclass.h">
      <Filter>Headers\Core</Filter>
    </ClInclude>
    <ClInclude Include="Cameraclass.h">
      <Filter>Headers\Core</Filter>
    </ClInclude>
    <ClInclude Include="Inputclass.h">
      <Filter>Headers\Core</Filter>
    </ClInclude>
    <ClInclude Include="TextClass.h">
      <Filter>Headers\Core\Text</Filter>
    </ClInclude>
    <ClInclude Include="SpriteClass.h">
      <Filter>Headers\Core\Texture</Filter>
    </ClInclude>
    <ClInclude Include="Textureclass.h">
      <Filter>Headers\Core\Texture</Filter>
    </ClInclude>
    <ClInclude Include="FpsClass.h">
      <Filter>Headers\Core\Text</Filter>
    </ClInclude>
    <ClInclude Include="LightClass.h">
      <Filter>Headers\Core</Filter>
    </ClInclude>
    <ClInclude Include="ModelClass.h">
      <Filter>Headers\Core\Model</Filter>
    </ClInclude>
    <ClInclude Include="Systemclass.h">
      <Filter>Headers\Core</Filter>
    </ClInclude>
    <ClInclude Include="TimerClass.h">
      <Filter>Headers\Core</Filter>
    </ClInclude>
    <ClInclude Include="ShaderManagerClass.h">
      <Filter>Headers\Core\Shader</Filter>
    </ClInclude>
    <ClInclude Include="ShaderParameters.h">
      <Filter>Headers\Core\Shader</Filter>
    </ClInclude>
    <ClInclude Include="ShaderClass.h">
      <Filter>Headers\Core\Shader</Filter>
    </ClInclude>
  </ItemGroup>
  <ItemGroup>
    <Image Include="data\stone02.tga">
      <Filter>Resources</Filter>
    </Image>
    <Image Include="data\stone01.tga">
      <Filter>Resources</Filter>
    </Image>
    <Image Include="small.ico">
      <Filter>Resources</Filter>
    </Image>
    <Image Include="MyDX11Engine.ico">
      <Filter>Resources</Filter>
    </Image>
  </ItemGroup>
  <ItemGroup>
    <Filter Include="Headers">
      <UniqueIdentifier>{21bf87c0-080e-48dd-b57d-4f112cc4de11}</UniqueIdentifier>
    </Filter>
    <Filter Include="Sources">
      <UniqueIdentifier>{c9b3950e-0531-4fc7-8e08-805a2ff3c1e8}</UniqueIdentifier>
    </Filter>
    <Filter Include="Resources">
      <UniqueIdentifier>{c99b65e9-5a19-4603-8f92-7cda4d3b2716}</UniqueIdentifier>
    </Filter>
    <Filter Include="Resources\HLSL">
      <UniqueIdentifier>{1154c8ca-63ef-4680-bc02-65e4cb3c5825}</UniqueIdentifier>
    </Filter>
    <Filter Include="Headers\Core">
      <UniqueIdentifier>{d1f584b6-bbde-4d22-8b23-4d20636662fb}</UniqueIdentifier>
    </Filter>
    <Filter Include="Headers\Core\Shader">
      <UniqueIdentifier>{197fcbb0-66c9-49e3-b750-bfc59eeeefcd}</UniqueIdentifier>
    </Filter>
    <Filter Include="Headers\Core\Text">
      <UniqueIdentifier>{853f7b8c-54de-4393-9a24-044c117f0a76}</UniqueIdentifier>
    </Filter>
    <Filter Include="Headers\Core\Texture">
      <UniqueIdentifier>{ecf41d1a-87aa-48df-b148-ffdab14c6798}</UniqueIdentifier>
    </Filter>
    <Filter Include="Headers\Core\Model">
      <UniqueIdentifier>{21aa4265-3bd4-455a-87f4-8add9db1900a}</UniqueIdentifier>
    </Filter>
  </ItemGroup>
  <ItemGroup>
    <ResourceCompile Include="MyDX11Engine.rc">
      <Filter>Resources</Filter>
    </ResourceCompile>
  </ItemGroup>
</Project>